
Microsoft Visual Studio Solution File, Format Version 12.00
# Visual Studio Version 17
VisualStudioVersion = 17.0.31903.59
MinimumVisualStudioVersion = 10.0.40219.1
Project("{FAE04EC0-301F-11D3-BF4B-00C04F79EFBC}") = "Client-Assembly-CSharp", "Client\Assembly-CSharp.csproj", "{8441F412-22A4-275F-22E6-507969043F15}"
EndProject
Project("{FAE04EC0-301F-11D3-BF4B-00C04F79EFBC}") = "Server-Assembly-CSharp", "Server\Assembly-CSharp.csproj", "{B279454F-D7A4-B03D-79A1-9E3D45589605}"
EndProject
Project("{FAE04EC0-301F-11D3-BF4B-00C04F79EFBC}") = "ZombieLib", "ZombieLib\ZombieLib.csproj", "{A18DE2D4-4D23-4388-B017-8F7A335964FF}"
EndProject
Project("{FAE04EC0-301F-11D3-BF4B-00C04F79EFBC}") = "Tests", "Tests\Tests.csproj", "{88273F2E-E48F-4519-B4E7-7B3F53D44FEB}"
EndProject
Global
	GlobalSection(SolutionConfigurationPlatforms) = preSolution
		Debug|Any CPU = Debug|Any CPU
		Release|Any CPU = Release|Any CPU
	EndGlobalSection
	GlobalSection(SolutionProperties) = preSolution
		HideSolutionNode = FALSE
	EndGlobalSection
	GlobalSection(ProjectConfigurationPlatforms) = postSolution
		{8441F412-22A4-275F-22E6-507969043F15}.Debug|Any CPU.ActiveCfg = Debug|Any CPU
		{8441F412-22A4-275F-22E6-507969043F15}.Debug|Any CPU.Build.0 = Debug|Any CPU
		{8441F412-22A4-275F-22E6-507969043F15}.Release|Any CPU.ActiveCfg = Debug|Any CPU
		{8441F412-22A4-275F-22E6-507969043F15}.Release|Any CPU.Build.0 = Debug|Any CPU
		{B279454F-D7A4-B03D-79A1-9E3D45589605}.Debug|Any CPU.ActiveCfg = Debug|Any CPU
		{B279454F-D7A4-B03D-79A1-9E3D45589605}.Debug|Any CPU.Build.0 = Debug|Any CPU
		{B279454F-D7A4-B03D-79A1-9E3D45589605}.Release|Any CPU.ActiveCfg = Debug|Any CPU
		{B279454F-D7A4-B03D-79A1-9E3D45589605}.Release|Any CPU.Build.0 = Debug|Any CPU
		{A18DE2D4-4D23-4388-B017-8F7A335964FF}.Debug|Any CPU.ActiveCfg = Debug|Any CPU
		{A18DE2D4-4D23-4388-B017-8F7A335964FF}.Debug|Any CPU.Build.0 = Debug|Any CPU
		{A18DE2D4-4D23-4388-B017-8F7A335964FF}.Release|Any CPU.ActiveCfg = Release|Any CPU
		{A18DE2D4-4D23-4388-B017-8F7A335964FF}.Release|Any CPU.Build.0 = Release|Any CPU
		{88273F2E-E48F-4519-B4E7-7B3F53D44FEB}.Debug|Any CPU.ActiveCfg = Debug|Any CPU
		{88273F2E-E48F-4519-B4E7-7B3F53D44FEB}.Debug|Any CPU.Build.0 = Debug|Any CPU
		{88273F2E-E48F-4519-B4E7-7B3F53D44FEB}.Release|Any CPU.ActiveCfg = Release|Any CPU
		{88273F2E-E48F-4519-B4E7-7B3F53D44FEB}.Release|Any CPU.Build.0 = Release|Any CPU
	EndGlobalSection
EndGlobal
